<?xml version="1.0" encoding="UTF-8" standalone="yes" ?>
<CodeBlocks_project_file>
	<FileVersion major="1" minor="6" />
	<Project>
		<Option title="SPI_DeviceSimulator" />
		<Option pch_mode="2" />
		<Option compiler="gcc" />
		<Build>
			<Target title="Debug">
				<Option output="bin/Debug/SPI_DeviceSimulatord" prefix_auto="1" extension_auto="1" />
				<Option object_output="obj/Debug/" />
				<Option type="1" />
				<Option compiler="gcc" />
				<Compiler>
					<Add option="-std=c++0x" />
					<Add option="-g" />
					<Add option="-lpthread" />
					<Add option="-DLINUX" />
					<Add option="-DSILACONVERTER_BUILD" />
					<Add directory="../../SPICE/SPICE_BIG" />
					<Add directory="../../SPICE/SPICE_Core" />
					<Add directory="../../SPICE/SPICE_ES_POCO" />
					<Add directory="../../SPICE/SPICE_XML_POCO" />
				</Compiler>
				<Linker>
					<Add library="../../SPICE/SPICE_Core/libSPICE_Cored.a" />
					<Add library="../../SPICE/SPICE_ES_POCO/libSPICE_ES_POCOd.a" />
					<Add library="../../SPICE/SPICE_XML_POCO/libSPICE_XML_POCOd.a" />
					<Add library="../../SPICE/SPICE_BIG/libSPICE_BIGd.a" />
					<Add library="/usr/local/lib/libPocoFoundationd.so" />
					<Add library="/usr/local/lib/libPocoNetd.so" />
					<Add library="/usr/local/lib/libPocoXMLd.so" />
				</Linker>
			</Target>
			<Target title="Release">
				<Option output="bin/Release/SPI_DeviceSimulator" prefix_auto="1" extension_auto="1" />
				<Option object_output="obj/Release/" />
				<Option type="1" />
				<Option compiler="gcc" />
				<Compiler>
					<Add option="-O2" />
					<Add option="-std=c++0x" />
					<Add option="-lpthread" />
					<Add option="-DLINUX" />
					<Add option="-DSILACONVERTER_BUILD" />
					<Add directory="../../SPICE/SPICE_BIG" />
					<Add directory="../../SPICE/SPICE_Core" />
					<Add directory="../../SPICE/SPICE_ES_POCO" />
					<Add directory="../../SPICE/SPICE_XML_POCO" />
				</Compiler>
				<Linker>
					<Add option="-s" />
					<Add library="../../SPICE/SPICE_Core/libSPICE_Core.a" />
					<Add library="../../SPICE/SPICE_ES_POCO/libSPICE_ES_POCO.a" />
					<Add library="../../SPICE/SPICE_XML_POCO/libSPICE_XML_POCO.a" />
					<Add library="../../SPICE/SPICE_BIG/libSPICE_BIG.a" />
					<Add library="/usr/local/lib/libPocoFoundation.so" />
					<Add library="/usr/local/lib/libPocoNet.so" />
					<Add library="/usr/local/lib/libPocoXML.so" />
				</Linker>
			</Target>
		</Build>
		<Compiler>
			<Add option="-Wall" />
			<Add option="-fexceptions" />
		</Compiler>
		<Unit filename="CommandThrowingError.cpp" />
		<Unit filename="CommandThrowingError.h" />
		<Unit filename="CommandWithBoolParameter.cpp" />
		<Unit filename="CommandWithBoolParameter.h" />
		<Unit filename="CommandWithDoubleParameter.cpp" />
		<Unit filename="CommandWithDoubleParameter.h" />
		<Unit filename="CommandWithDurationParameter.cpp" />
		<Unit filename="CommandWithDurationParameter.h" />
		<Unit filename="CommandWithFloatParameter.cpp" />
		<Unit filename="CommandWithFloatParameter.h" />
		<Unit filename="CommandWithInt16Parameter.cpp" />
		<Unit filename="CommandWithInt16Parameter.h" />
		<Unit filename="CommandWithInt32Parameter.cpp" />
		<Unit filename="CommandWithInt32Parameter.h" />
		<Unit filename="CommandWithInt64Parameter.cpp" />
		<Unit filename="CommandWithInt64Parameter.h" />
		<Unit filename="CommandWithInt8Parameter.cpp" />
		<Unit filename="CommandWithInt8Parameter.h" />
		<Unit filename="CommandWithStringParameter.cpp" />
		<Unit filename="CommandWithStringParameter.h" />
		<Unit filename="CommandWithUInt16Parameter.cpp" />
		<Unit filename="CommandWithUInt16Parameter.h" />
		<Unit filename="CommandWithUInt32Parameter.cpp" />
		<Unit filename="CommandWithUInt32Parameter.h" />
		<Unit filename="CommandWithUInt64Parameter.cpp" />
		<Unit filename="CommandWithUInt64Parameter.h" />
		<Unit filename="CommandWithUInt8Parameter.cpp" />
		<Unit filename="CommandWithUInt8Parameter.h" />
		<Unit filename="NonParallelCommandExecution1.cpp" />
		<Unit filename="NonParallelCommandExecution1.h" />
		<Unit filename="NonParallelCommandExecution2.cpp" />
		<Unit filename="NonParallelCommandExecution2.h" />
		<Unit filename="ParallelCommandExecution1.cpp" />
		<Unit filename="ParallelCommandExecution1.h" />
		<Unit filename="ParallelCommandExecution2.cpp" />
		<Unit filename="ParallelCommandExecution2.h" />
		<Unit filename="ResourceProvider.cpp" />
		<Unit filename="ResourceProvider.h" />
		<Unit filename="SPIDeviceSimulator.cpp" />
		<Unit filename="SpecificCommandBase.cpp" />
		<Unit filename="SpecificCommandBase.h" />
		<Unit filename="SpecificCore.cpp" />
		<Unit filename="SpecificCore.h" />
		<Unit filename="SpecificCoreContainer.cpp" />
		<Unit filename="SpecificCoreContainer.h" />
		<Unit filename="SpecificInit.cpp" />
		<Unit filename="SpecificInit.h" />
		<Unit filename="SpecificReset.cpp" />
		<Unit filename="SpecificReset.h" />
		<Unit filename="SpecificSetParameters.cpp" />
		<Unit filename="SpecificSetParameters.h" />
		<Extensions>
			<code_completion />
			<debugger />
		</Extensions>
	</Project>
</CodeBlocks_project_file>
